
Microsoft Visual Studio Solution File, Format Version 12.00
# Visual Studio 15
VisualStudioVersion = 15.0.27009.1
MinimumVisualStudioVersion = 10.0.40219.1
Project("{2150E333-8FDC-42A3-9474-1A3956D46DE8}") = ".paket", ".paket", "{2DE3352C-6033-46C9-B674-F8C94029FF27}"
	ProjectSection(SolutionItems) = preProject
		paket.dependencies = paket.dependencies
	EndProjectSection
EndProject
Project("{9A19103F-16F7-4668-BE54-9A1E7A4F7556}") = "Test", "Test\Test\Test.csproj", "{C7B89664-8FAD-486F-BC9E-CD3A30A71655}"
EndProject
Project("{9A19103F-16F7-4668-BE54-9A1E7A4F7556}") = "ZeekoUtilsPack.AspNetCore", "ZeekoUtilsPack.AspNetCore\ZeekoUtilsPack.AspNetCore.csproj", "{F413C705-FC6E-4A9C-B527-1F73755580F6}"
EndProject
Project("{9A19103F-16F7-4668-BE54-9A1E7A4F7556}") = "ZeekoUtilsPack.BCLExt", "ZeekoUtilsPack.BCLExt\ZeekoUtilsPack.BCLExt.csproj", "{A9BBCE5C-BDC8-494A-9C4C-55CB7C8DCAA9}"
EndProject
Project("{FAE04EC0-301F-11D3-BF4B-00C04F79EFBC}") = "ExpressionCache", "ExpressionCache\ExpressionCache.csproj", "{1839674D-2C3D-427C-A45C-56E18F60975C}"
EndProject
Project("{2150E333-8FDC-42A3-9474-1A3956D46DE8}") = "Fake", "Fake", "{88E9AA7A-0E0F-4A15-B2B8-A9A3C6267ACA}"
ProjectSection(SolutionItems) = preProject
	build.fsx = build.fsx
EndProjectSection
EndProject
Project("{2150E333-8FDC-42A3-9474-1A3956D46DE8}") = "Solution Items", "Solution Items", "{727C61DE-79C8-4501-BA89-231E9BB07C4C}"
ProjectSection(SolutionItems) = preProject
	README.md = README.md
	paket.dependencies = paket.dependencies
	paket.lock = paket.lock
EndProjectSection
EndProject
Project("{FAE04EC0-301F-11D3-BF4B-00C04F79EFBC}") = "Zeeko.BaseDevel.DependencyInjection", "Zeeko.BaseDevel.DependencyInjection\Zeeko.BaseDevel.DependencyInjection.csproj", "{C3561837-FF1E-4DEA-AAE8-848D620EF711}"
EndProject
Project("{FAE04EC0-301F-11D3-BF4B-00C04F79EFBC}") = "ExampleAssembly", "Test\ExampleAssembly\ExampleAssembly.csproj", "{61169628-433E-43C1-B0B9-E5B42DF6ABAD}"
EndProject
Global
	GlobalSection(SolutionConfigurationPlatforms) = preSolution
		Debug|Any CPU = Debug|Any CPU
		Release|Any CPU = Release|Any CPU
	EndGlobalSection
	GlobalSection(ProjectConfigurationPlatforms) = postSolution
		{C7B89664-8FAD-486F-BC9E-CD3A30A71655}.Debug|Any CPU.ActiveCfg = Debug|Any CPU
		{C7B89664-8FAD-486F-BC9E-CD3A30A71655}.Debug|Any CPU.Build.0 = Debug|Any CPU
		{C7B89664-8FAD-486F-BC9E-CD3A30A71655}.Release|Any CPU.ActiveCfg = Release|Any CPU
		{C7B89664-8FAD-486F-BC9E-CD3A30A71655}.Release|Any CPU.Build.0 = Release|Any CPU
		{F413C705-FC6E-4A9C-B527-1F73755580F6}.Debug|Any CPU.ActiveCfg = Debug|Any CPU
		{F413C705-FC6E-4A9C-B527-1F73755580F6}.Debug|Any CPU.Build.0 = Debug|Any CPU
		{F413C705-FC6E-4A9C-B527-1F73755580F6}.Release|Any CPU.ActiveCfg = Release|Any CPU
		{F413C705-FC6E-4A9C-B527-1F73755580F6}.Release|Any CPU.Build.0 = Release|Any CPU
		{A9BBCE5C-BDC8-494A-9C4C-55CB7C8DCAA9}.Debug|Any CPU.ActiveCfg = Debug|Any CPU
		{A9BBCE5C-BDC8-494A-9C4C-55CB7C8DCAA9}.Debug|Any CPU.Build.0 = Debug|Any CPU
		{A9BBCE5C-BDC8-494A-9C4C-55CB7C8DCAA9}.Release|Any CPU.ActiveCfg = Release|Any CPU
		{A9BBCE5C-BDC8-494A-9C4C-55CB7C8DCAA9}.Release|Any CPU.Build.0 = Release|Any CPU
		{1839674D-2C3D-427C-A45C-56E18F60975C}.Debug|Any CPU.ActiveCfg = Debug|Any CPU
		{1839674D-2C3D-427C-A45C-56E18F60975C}.Debug|Any CPU.Build.0 = Debug|Any CPU
		{1839674D-2C3D-427C-A45C-56E18F60975C}.Release|Any CPU.ActiveCfg = Release|Any CPU
		{1839674D-2C3D-427C-A45C-56E18F60975C}.Release|Any CPU.Build.0 = Release|Any CPU
		{C3561837-FF1E-4DEA-AAE8-848D620EF711}.Debug|Any CPU.ActiveCfg = Debug|Any CPU
		{C3561837-FF1E-4DEA-AAE8-848D620EF711}.Debug|Any CPU.Build.0 = Debug|Any CPU
		{C3561837-FF1E-4DEA-AAE8-848D620EF711}.Release|Any CPU.ActiveCfg = Release|Any CPU
		{C3561837-FF1E-4DEA-AAE8-848D620EF711}.Release|Any CPU.Build.0 = Release|Any CPU
		{61169628-433E-43C1-B0B9-E5B42DF6ABAD}.Debug|Any CPU.ActiveCfg = Debug|Any CPU
		{61169628-433E-43C1-B0B9-E5B42DF6ABAD}.Debug|Any CPU.Build.0 = Debug|Any CPU
		{61169628-433E-43C1-B0B9-E5B42DF6ABAD}.Release|Any CPU.ActiveCfg = Release|Any CPU
		{61169628-433E-43C1-B0B9-E5B42DF6ABAD}.Release|Any CPU.Build.0 = Release|Any CPU
	EndGlobalSection
	GlobalSection(SolutionProperties) = preSolution
		HideSolutionNode = FALSE
	EndGlobalSection
	GlobalSection(ExtensibilityGlobals) = postSolution
		SolutionGuid = {2107691E-1CE5-479A-9734-BC0FCE786C8B}
	EndGlobalSection
EndGlobal
